
Microsoft Visual Studio Solution File, Format Version 12.00
# Visual Studio Version 16
VisualStudioVersion = 16.0.29519.181
MinimumVisualStudioVersion = 10.0.40219.1
Project("{FAE04EC0-301F-11D3-BF4B-00C04F79EFBC}") = "FlixOne.BookStore.ProductService", "FlixOne.BookStore.ProductService\FlixOne.BookStore.ProductService.csproj", "{677961D1-29AE-4F28-BDE2-C9DF4187E99C}"
EndProject
Global
	GlobalSection(SolutionConfigurationPlatforms) = preSolution
		Debug|Any CPU = Debug|Any CPU
		Release|Any CPU = Release|Any CPU
	EndGlobalSection
	GlobalSection(ProjectConfigurationPlatforms) = postSolution
		{677961D1-29AE-4F28-BDE2-C9DF4187E99C}.Debug|Any CPU.ActiveCfg = Debug|Any CPU
		{677961D1-29AE-4F28-BDE2-C9DF4187E99C}.Debug|Any CPU.Build.0 = Debug|Any CPU
		{677961D1-29AE-4F28-BDE2-C9DF4187E99C}.Release|Any CPU.ActiveCfg = Release|Any CPU
		{677961D1-29AE-4F28-BDE2-C9DF4187E99C}.Release|Any CPU.Build.0 = Release|Any CPU
	EndGlobalSection
	GlobalSection(SolutionProperties) = preSolution
		HideSolutionNode = FALSE
	EndGlobalSection
	GlobalSection(ExtensibilityGlobals) = postSolution
		SolutionGuid = {2B9C238D-435A-427D-BD08-42E66D7C1208}
	EndGlobalSection
EndGlobal
